// !$*UTF8*$!
{
	archiveVersion = 1;
	classes = {
	};
	objectVersion = 56;
	objects = {

/* Begin PBXBuildFile section */
		F58AB6582A2A910E00F7101E /* PragmaTestApp.swift in Sources */ = {isa = PBXBuildFile; fileRef = F58AB6572A2A910E00F7101E /* PragmaTestApp.swift */; };
		F58AB65A2A2A910E00F7101E /* ContentView.swift in Sources */ = {isa = PBXBuildFile; fileRef = F58AB6592A2A910E00F7101E /* ContentView.swift */; };
		F58AB65C2A2A911000F7101E /* Assets.xcassets in Resources */ = {isa = PBXBuildFile; fileRef = F58AB65B2A2A911000F7101E /* Assets.xcassets */; };
		F58AB65F2A2A911000F7101E /* Preview Assets.xcassets in Resources */ = {isa = PBXBuildFile; fileRef = F58AB65E2A2A911000F7101E /* Preview Assets.xcassets */; };
		F58AB6722A2A961B00F7101E /* NetworkDataSource.swift in Sources */ = {isa = PBXBuildFile; fileRef = F58AB6712A2A961B00F7101E /* NetworkDataSource.swift */; };
		F58AB6752A2A962F00F7101E /* CatDTO.swift in Sources */ = {isa = PBXBuildFile; fileRef = F58AB6742A2A962F00F7101E /* CatDTO.swift */; };
		F58AB6772A2A967900F7101E /* CatCell.swift in Sources */ = {isa = PBXBuildFile; fileRef = F58AB6762A2A967900F7101E /* CatCell.swift */; };
		F58AB67A2A2A976F00F7101E /* DefaultDataSourceProtocol.swift in Sources */ = {isa = PBXBuildFile; fileRef = F58AB6792A2A976F00F7101E /* DefaultDataSourceProtocol.swift */; };
		F58AB67C2A2A979100F7101E /* DefaultDataSource.swift in Sources */ = {isa = PBXBuildFile; fileRef = F58AB67B2A2A979100F7101E /* DefaultDataSource.swift */; };
		F58AB67E2A2AA15A00F7101E /* CatsUseCase.swift in Sources */ = {isa = PBXBuildFile; fileRef = F58AB67D2A2AA15A00F7101E /* CatsUseCase.swift */; };
		F58AB6802A2AA2D000F7101E /* Provider.swift in Sources */ = {isa = PBXBuildFile; fileRef = F58AB67F2A2AA2D000F7101E /* Provider.swift */; };
		F58AB6822A2AA2FA00F7101E /* CatViewModel.swift in Sources */ = {isa = PBXBuildFile; fileRef = F58AB6812A2AA2FA00F7101E /* CatViewModel.swift */; };
/* End PBXBuildFile section */

/* Begin PBXFileReference section */
		F58AB6542A2A910E00F7101E /* PragmaTest.app */ = {isa = PBXFileReference; explicitFileType = wrapper.application; includeInIndex = 0; path = PragmaTest.app; sourceTree = BUILT_PRODUCTS_DIR; };
		F58AB6572A2A910E00F7101E /* PragmaTestApp.swift */ = {isa = PBXFileReference; lastKnownFileType = sourcecode.swift; path = PragmaTestApp.swift; sourceTree = "<group>"; };
		F58AB6592A2A910E00F7101E /* ContentView.swift */ = {isa = PBXFileReference; lastKnownFileType = sourcecode.swift; path = ContentView.swift; sourceTree = "<group>"; };
		F58AB65B2A2A911000F7101E /* Assets.xcassets */ = {isa = PBXFileReference; lastKnownFileType = folder.assetcatalog; path = Assets.xcassets; sourceTree = "<group>"; };
		F58AB65E2A2A911000F7101E /* Preview Assets.xcassets */ = {isa = PBXFileReference; lastKnownFileType = folder.assetcatalog; path = "Preview Assets.xcassets"; sourceTree = "<group>"; };
		F58AB6712A2A961B00F7101E /* NetworkDataSource.swift */ = {isa = PBXFileReference; lastKnownFileType = sourcecode.swift; path = NetworkDataSource.swift; sourceTree = "<group>"; };
		F58AB6742A2A962F00F7101E /* CatDTO.swift */ = {isa = PBXFileReference; lastKnownFileType = sourcecode.swift; path = CatDTO.swift; sourceTree = "<group>"; };
		F58AB6762A2A967900F7101E /* CatCell.swift */ = {isa = PBXFileReference; lastKnownFileType = sourcecode.swift; path = CatCell.swift; sourceTree = "<group>"; };
		F58AB6792A2A976F00F7101E /* DefaultDataSourceProtocol.swift */ = {isa = PBXFileReference; lastKnownFileType = sourcecode.swift; path = DefaultDataSourceProtocol.swift; sourceTree = "<group>"; };
		F58AB67B2A2A979100F7101E /* DefaultDataSource.swift */ = {isa = PBXFileReference; lastKnownFileType = sourcecode.swift; path = DefaultDataSource.swift; sourceTree = "<group>"; };
		F58AB67D2A2AA15A00F7101E /* CatsUseCase.swift */ = {isa = PBXFileReference; lastKnownFileType = sourcecode.swift; path = CatsUseCase.swift; sourceTree = "<group>"; };
		F58AB67F2A2AA2D000F7101E /* Provider.swift */ = {isa = PBXFileReference; lastKnownFileType = sourcecode.swift; path = Provider.swift; sourceTree = "<group>"; };
		F58AB6812A2AA2FA00F7101E /* CatViewModel.swift */ = {isa = PBXFileReference; lastKnownFileType = sourcecode.swift; path = CatViewModel.swift; sourceTree = "<group>"; };
/* End PBXFileReference section */

/* Begin PBXFrameworksBuildPhase section */
		F58AB6512A2A910E00F7101E /* Frameworks */ = {
			isa = PBXFrameworksBuildPhase;
			buildActionMask = 2147483647;
			files = (
			);
			runOnlyForDeploymentPostprocessing = 0;
		};
/* End PBXFrameworksBuildPhase section */

/* Begin PBXGroup section */
		F58AB64B2A2A910E00F7101E = {
			isa = PBXGroup;
			children = (
				F58AB6562A2A910E00F7101E /* PragmaTest */,
				F58AB6552A2A910E00F7101E /* Products */,
			);
			sourceTree = "<group>";
		};
		F58AB6552A2A910E00F7101E /* Products */ = {
			isa = PBXGroup;
			children = (
				F58AB6542A2A910E00F7101E /* PragmaTest.app */,
			);
			name = Products;
			sourceTree = "<group>";
		};
		F58AB6562A2A910E00F7101E /* PragmaTest */ = {
			isa = PBXGroup;
			children = (
				F58AB6652A2A954600F7101E /* Application */,
				F58AB6672A2A955A00F7101E /* UI */,
				F58AB6692A2A956900F7101E /* Domain */,
				F58AB66A2A2A956E00F7101E /* Data */,
				F58AB66F2A2A95C700F7101E /* DI */,
				F58AB65B2A2A911000F7101E /* Assets.xcassets */,
				F58AB65D2A2A911000F7101E /* Preview Content */,
			);
			path = PragmaTest;
			sourceTree = "<group>";
		};
		F58AB65D2A2A911000F7101E /* Preview Content */ = {
			isa = PBXGroup;
			children = (
				F58AB65E2A2A911000F7101E /* Preview Assets.xcassets */,
			);
			path = "Preview Content";
			sourceTree = "<group>";
		};
		F58AB6652A2A954600F7101E /* Application */ = {
			isa = PBXGroup;
			children = (
				F58AB6572A2A910E00F7101E /* PragmaTestApp.swift */,
			);
			path = Application;
			sourceTree = "<group>";
		};
		F58AB6662A2A954F00F7101E /* View */ = {
			isa = PBXGroup;
			children = (
				F58AB6592A2A910E00F7101E /* ContentView.swift */,
			);
			path = View;
			sourceTree = "<group>";
		};
		F58AB6672A2A955A00F7101E /* UI */ = {
			isa = PBXGroup;
			children = (
				F58AB6662A2A954F00F7101E /* View */,
				F58AB6682A2A955E00F7101E /* ViewModel */,
			);
			path = UI;
			sourceTree = "<group>";
		};
		F58AB6682A2A955E00F7101E /* ViewModel */ = {
			isa = PBXGroup;
			children = (
				F58AB6812A2AA2FA00F7101E /* CatViewModel.swift */,
			);
			path = ViewModel;
			sourceTree = "<group>";
		};
		F58AB6692A2A956900F7101E /* Domain */ = {
			isa = PBXGroup;
			children = (
				F58AB66B2A2A958200F7101E /* UseCase */,
				F58AB66C2A2A958A00F7101E /* Entities */,
				F58AB6782A2A974400F7101E /* Protocols */,
			);
			path = Domain;
			sourceTree = "<group>";
		};
		F58AB66A2A2A956E00F7101E /* Data */ = {
			isa = PBXGroup;
			children = (
				F58AB66E2A2A95A600F7101E /* Repository */,
				F58AB66D2A2A959D00F7101E /* Network */,
			);
			path = Data;
			sourceTree = "<group>";
		};
		F58AB66B2A2A958200F7101E /* UseCase */ = {
			isa = PBXGroup;
			children = (
				F58AB67D2A2AA15A00F7101E /* CatsUseCase.swift */,
			);
			path = UseCase;
			sourceTree = "<group>";
		};
		F58AB66C2A2A958A00F7101E /* Entities */ = {
			isa = PBXGroup;
			children = (
				F58AB6762A2A967900F7101E /* CatCell.swift */,
			);
			path = Entities;
			sourceTree = "<group>";
		};
		F58AB66D2A2A959D00F7101E /* Network */ = {
			isa = PBXGroup;
			children = (
				F58AB6712A2A961B00F7101E /* NetworkDataSource.swift */,
				F58AB6732A2A962000F7101E /* DTO */,
			);
			path = Network;
			sourceTree = "<group>";
		};
		F58AB66E2A2A95A600F7101E /* Repository */ = {
			isa = PBXGroup;
			children = (
				F58AB67B2A2A979100F7101E /* DefaultDataSource.swift */,
			);
			path = Repository;
			sourceTree = "<group>";
		};
		F58AB66F2A2A95C700F7101E /* DI */ = {
			isa = PBXGroup;
			children = (
				F58AB67F2A2AA2D000F7101E /* Provider.swift */,
			);
			path = DI;
			sourceTree = "<group>";
		};
		F58AB6732A2A962000F7101E /* DTO */ = {
			isa = PBXGroup;
			children = (
				F58AB6742A2A962F00F7101E /* CatDTO.swift */,
			);
			path = DTO;
			sourceTree = "<group>";
		};
		F58AB6782A2A974400F7101E /* Protocols */ = {
			isa = PBXGroup;
			children = (
				F58AB6792A2A976F00F7101E /* DefaultDataSourceProtocol.swift */,
			);
			path = Protocols;
			sourceTree = "<group>";
		};
/* End PBXGroup section */

/* Begin PBXNativeTarget section */
		F58AB6532A2A910E00F7101E /* PragmaTest */ = {
			isa = PBXNativeTarget;
			buildConfigurationList = F58AB6622A2A911000F7101E /* Build configuration list for PBXNativeTarget "PragmaTest" */;
			buildPhases = (
				F58AB6502A2A910E00F7101E /* Sources */,
				F58AB6512A2A910E00F7101E /* Frameworks */,
				F58AB6522A2A910E00F7101E /* Resources */,
			);
			buildRules = (
			);
			dependencies = (
			);
			name = PragmaTest;
			productName = PragmaTest;
			productReference = F58AB6542A2A910E00F7101E /* PragmaTest.app */;
			productType = "com.apple.product-type.application";
		};
/* End PBXNativeTarget section */

/* Begin PBXProject section */
		F58AB64C2A2A910E00F7101E /* Project object */ = {
			isa = PBXProject;
			attributes = {
				BuildIndependentTargetsInParallel = 1;
				LastSwiftUpdateCheck = 1430;
				LastUpgradeCheck = 1430;
				TargetAttributes = {
					F58AB6532A2A910E00F7101E = {
						CreatedOnToolsVersion = 14.3;
					};
				};
			};
			buildConfigurationList = F58AB64F2A2A910E00F7101E /* Build configuration list for PBXProject "PragmaTest" */;
			compatibilityVersion = "Xcode 14.0";
			developmentRegion = en;
			hasScannedForEncodings = 0;
			knownRegions = (
				en,
				Base,
			);
			mainGroup = F58AB64B2A2A910E00F7101E;
			productRefGroup = F58AB6552A2A910E00F7101E /* Products */;
			projectDirPath = "";
			projectRoot = "";
			targets = (
				F58AB6532A2A910E00F7101E /* PragmaTest */,
			);
		};
/* End PBXProject section */

/* Begin PBXResourcesBuildPhase section */
		F58AB6522A2A910E00F7101E /* Resources */ = {
			isa = PBXResourcesBuildPhase;
			buildActionMask = 2147483647;
			files = (
				F58AB65F2A2A911000F7101E /* Preview Assets.xcassets in Resources */,
				F58AB65C2A2A911000F7101E /* Assets.xcassets in Resources */,
			);
			runOnlyForDeploymentPostprocessing = 0;
		};
/* End PBXResourcesBuildPhase section */

/* Begin PBXSourcesBuildPhase section */
		F58AB6502A2A910E00F7101E /* Sources */ = {
			isa = PBXSourcesBuildPhase;
			buildActionMask = 2147483647;
			files = (
				F58AB67E2A2AA15A00F7101E /* CatsUseCase.swift in Sources */,
				F58AB67A2A2A976F00F7101E /* DefaultDataSourceProtocol.swift in Sources */,
				F58AB65A2A2A910E00F7101E /* ContentView.swift in Sources */,
				F58AB6822A2AA2FA00F7101E /* CatViewModel.swift in Sources */,
				F58AB6772A2A967900F7101E /* CatCell.swift in Sources */,
				F58AB6802A2AA2D000F7101E /* Provider.swift in Sources */,
				F58AB6722A2A961B00F7101E /* NetworkDataSource.swift in Sources */,
				F58AB6582A2A910E00F7101E /* PragmaTestApp.swift in Sources */,
				F58AB67C2A2A979100F7101E /* DefaultDataSource.swift in Sources */,
				F58AB6752A2A962F00F7101E /* CatDTO.swift in Sources */,
			);
			runOnlyForDeploymentPostprocessing = 0;
		};
/* End PBXSourcesBuildPhase section */

/* Begin XCBuildConfiguration section */
		F58AB6602A2A911000F7101E /* Debug */ = {
			isa = XCBuildConfiguration;
			buildSettings = {
				ALWAYS_SEARCH_USER_PATHS = NO;
				CLANG_ANALYZER_NONNULL = YES;
				CLANG_ANALYZER_NUMBER_OBJECT_CONVERSION = YES_AGGRESSIVE;
				CLANG_CXX_LANGUAGE_STANDARD = "gnu++20";
				CLANG_ENABLE_MODULES = YES;
				CLANG_ENABLE_OBJC_ARC = YES;
				CLANG_ENABLE_OBJC_WEAK = YES;
				CLANG_WARN_BLOCK_CAPTURE_AUTORELEASING = YES;
				CLANG_WARN_BOOL_CONVERSION = YES;
				CLANG_WARN_COMMA = YES;
				CLANG_WARN_CONSTANT_CONVERSION = YES;
				CLANG_WARN_DEPRECATED_OBJC_IMPLEMENTATIONS = YES;
				CLANG_WARN_DIRECT_OBJC_ISA_USAGE = YES_ERROR;
				CLANG_WARN_DOCUMENTATION_COMMENTS = YES;
				CLANG_WARN_EMPTY_BODY = YES;
				CLANG_WARN_ENUM_CONVERSION = YES;
				CLANG_WARN_INFINITE_RECURSION = YES;
				CLANG_WARN_INT_CONVERSION = YES;
				CLANG_WARN_NON_LITERAL_NULL_CONVERSION = YES;
				CLANG_WARN_OBJC_IMPLICIT_RETAIN_SELF = YES;
				CLANG_WARN_OBJC_LITERAL_CONVERSION = YES;
				CLANG_WARN_OBJC_ROOT_CLASS = YES_ERROR;
				CLANG_WARN_QUOTED_INCLUDE_IN_FRAMEWORK_HEADER = YES;
				CLANG_WARN_RANGE_LOOP_ANALYSIS = YES;
				CLANG_WARN_STRICT_PROTOTYPES = YES;
				CLANG_WARN_SUSPICIOUS_MOVE = YES;
				CLANG_WARN_UNGUARDED_AVAILABILITY = YES_AGGRESSIVE;
				CLANG_WARN_UNREACHABLE_CODE = YES;
				CLANG_WARN__DUPLICATE_METHOD_MATCH = YES;
				COPY_PHASE_STRIP = NO;
				DEBUG_INFORMATION_FORMAT = dwarf;
				ENABLE_STRICT_OBJC_MSGSEND = YES;
				ENABLE_TESTABILITY = YES;
				GCC_C_LANGUAGE_STANDARD = gnu11;
				GCC_DYNAMIC_NO_PIC = NO;
				GCC_NO_COMMON_BLOCKS = YES;
				GCC_OPTIMIZATION_LEVEL = 0;
				GCC_PREPROCESSOR_DEFINITIONS = (
					"DEBUG=1",
					"$(inherited)",
				);
				GCC_WARN_64_TO_32_BIT_CONVERSION = YES;
				GCC_WARN_ABOUT_RETURN_TYPE = YES_ERROR;
				GCC_WARN_UNDECLARED_SELECTOR = YES;
				GCC_WARN_UNINITIALIZED_AUTOS = YES_AGGRESSIVE;
				GCC_WARN_UNUSED_FUNCTION = YES;
				GCC_WARN_UNUSED_VARIABLE = YES;
				IPHONEOS_DEPLOYMENT_TARGET = 16.4;
				MTL_ENABLE_DEBUG_INFO = INCLUDE_SOURCE;
				MTL_FAST_MATH = YES;
				ONLY_ACTIVE_ARCH = YES;
				SDKROOT = iphoneos;
				SWIFT_ACTIVE_COMPILATION_CONDITIONS = DEBUG;
				SWIFT_OPTIMIZATION_LEVEL = "-Onone";
			};
			name = Debug;
		};
		F58AB6612A2A911000F7101E /* Release */ = {
			isa = XCBuildConfiguration;
			buildSettings = {
				ALWAYS_SEARCH_USER_PATHS = NO;
				CLANG_ANALYZER_NONNULL = YES;
				CLANG_ANALYZER_NUMBER_OBJECT_CONVERSION = YES_AGGRESSIVE;
				CLANG_CXX_LANGUAGE_STANDARD = "gnu++20";
				CLANG_ENABLE_MODULES = YES;
				CLANG_ENABLE_OBJC_ARC = YES;
				CLANG_ENABLE_OBJC_WEAK = YES;
				CLANG_WARN_BLOCK_CAPTURE_AUTORELEASING = YES;
				CLANG_WARN_BOOL_CONVERSION = YES;
				CLANG_WARN_COMMA = YES;
				CLANG_WARN_CONSTANT_CONVERSION = YES;
				CLANG_WARN_DEPRECATED_OBJC_IMPLEMENTATIONS = YES;
				CLANG_WARN_DIRECT_OBJC_ISA_USAGE = YES_ERROR;
				CLANG_WARN_DOCUMENTATION_COMMENTS = YES;
				CLANG_WARN_EMPTY_BODY = YES;
				CLANG_WARN_ENUM_CONVERSION = YES;
				CLANG_WARN_INFINITE_RECURSION = YES;
				CLANG_WARN_INT_CONVERSION = YES;
				CLANG_WARN_NON_LITERAL_NULL_CONVERSION = YES;
				CLANG_WARN_OBJC_IMPLICIT_RETAIN_SELF = YES;
				CLANG_WARN_OBJC_LITERAL_CONVERSION = YES;
				CLANG_WARN_OBJC_ROOT_CLASS = YES_ERROR;
				CLANG_WARN_QUOTED_INCLUDE_IN_FRAMEWORK_HEADER = YES;
				CLANG_WARN_RANGE_LOOP_ANALYSIS = YES;
				CLANG_WARN_STRICT_PROTOTYPES = YES;
				CLANG_WARN_SUSPICIOUS_MOVE = YES;
				CLANG_WARN_UNGUARDED_AVAILABILITY = YES_AGGRESSIVE;
				CLANG_WARN_UNREACHABLE_CODE = YES;
				CLANG_WARN__DUPLICATE_METHOD_MATCH = YES;
				COPY_PHASE_STRIP = NO;
				DEBUG_INFORMATION_FORMAT = "dwarf-with-dsym";
				ENABLE_NS_ASSERTIONS = NO;
				ENABLE_STRICT_OBJC_MSGSEND = YES;
				GCC_C_LANGUAGE_STANDARD = gnu11;
				GCC_NO_COMMON_BLOCKS = YES;
				GCC_WARN_64_TO_32_BIT_CONVERSION = YES;
				GCC_WARN_ABOUT_RETURN_TYPE = YES_ERROR;
				GCC_WARN_UNDECLARED_SELECTOR = YES;
				GCC_WARN_UNINITIALIZED_AUTOS = YES_AGGRESSIVE;
				GCC_WARN_UNUSED_FUNCTION = YES;
				GCC_WARN_UNUSED_VARIABLE = YES;
				IPHONEOS_DEPLOYMENT_TARGET = 16.4;
				MTL_ENABLE_DEBUG_INFO = NO;
				MTL_FAST_MATH = YES;
				SDKROOT = iphoneos;
				SWIFT_COMPILATION_MODE = wholemodule;
				SWIFT_OPTIMIZATION_LEVEL = "-O";
				VALIDATE_PRODUCT = YES;
			};
			name = Release;
		};
		F58AB6632A2A911000F7101E /* Debug */ = {
			isa = XCBuildConfiguration;
			buildSettings = {
				ASSETCATALOG_COMPILER_APPICON_NAME = AppIcon;
				ASSETCATALOG_COMPILER_GLOBAL_ACCENT_COLOR_NAME = AccentColor;
				CODE_SIGN_STYLE = Automatic;
				CURRENT_PROJECT_VERSION = 1;
				DEVELOPMENT_ASSET_PATHS = "\"PragmaTest/Preview Content\"";
				DEVELOPMENT_TEAM = Y73B3AKDX7;
				ENABLE_PREVIEWS = YES;
				GENERATE_INFOPLIST_FILE = YES;
				INFOPLIST_KEY_UIApplicationSceneManifest_Generation = YES;
				INFOPLIST_KEY_UIApplicationSupportsIndirectInputEvents = YES;
				INFOPLIST_KEY_UILaunchScreen_Generation = YES;
				INFOPLIST_KEY_UISupportedInterfaceOrientations_iPad = "UIInterfaceOrientationPortrait UIInterfaceOrientationPortraitUpsideDown UIInterfaceOrientationLandscapeLeft UIInterfaceOrientationLandscapeRight";
				INFOPLIST_KEY_UISupportedInterfaceOrientations_iPhone = "UIInterfaceOrientationPortrait UIInterfaceOrientationLandscapeLeft UIInterfaceOrientationLandscapeRight";
				LD_RUNPATH_SEARCH_PATHS = (
					"$(inherited)",
					"@executable_path/Frameworks",
				);
				MARKETING_VERSION = 1.0;
				PRODUCT_BUNDLE_IDENTIFIER = com.juanbernier.PragmaTest;
				PRODUCT_NAME = "$(TARGET_NAME)";
				SWIFT_EMIT_LOC_STRINGS = YES;
				SWIFT_VERSION = 5.0;
				TARGETED_DEVICE_FAMILY = "1,2";
			};
			name = Debug;
		};
		F58AB6642A2A911000F7101E /* Release */ = {
			isa = XCBuildConfiguration;
			buildSettings = {
				ASSETCATALOG_COMPILER_APPICON_NAME = AppIcon;
				ASSETCATALOG_COMPILER_GLOBAL_ACCENT_COLOR_NAME = AccentColor;
				CODE_SIGN_STYLE = Automatic;
				CURRENT_PROJECT_VERSION = 1;
				DEVELOPMENT_ASSET_PATHS = "\"PragmaTest/Preview Content\"";
				DEVELOPMENT_TEAM = Y73B3AKDX7;
				ENABLE_PREVIEWS = YES;
				GENERATE_INFOPLIST_FILE = YES;
				INFOPLIST_KEY_UIApplicationSceneManifest_Generation = YES;
				INFOPLIST_KEY_UIApplicationSupportsIndirectInputEvents = YES;
				INFOPLIST_KEY_UILaunchScreen_Generation = YES;
				INFOPLIST_KEY_UISupportedInterfaceOrientations_iPad = "UIInterfaceOrientationPortrait UIInterfaceOrientationPortraitUpsideDown UIInterfaceOrientationLandscapeLeft UIInterfaceOrientationLandscapeRight";
				INFOPLIST_KEY_UISupportedInterfaceOrientations_iPhone = "UIInterfaceOrientationPortrait UIInterfaceOrientationLandscapeLeft UIInterfaceOrientationLandscapeRight";
				LD_RUNPATH_SEARCH_PATHS = (
					"$(inherited)",
					"@executable_path/Frameworks",
				);
				MARKETING_VERSION = 1.0;
				PRODUCT_BUNDLE_IDENTIFIER = com.juanbernier.PragmaTest;
				PRODUCT_NAME = "$(TARGET_NAME)";
				SWIFT_EMIT_LOC_STRINGS = YES;
				SWIFT_VERSION = 5.0;
				TARGETED_DEVICE_FAMILY = "1,2";
			};
			name = Release;
		};
/* End XCBuildConfiguration section */

/* Begin XCConfigurationList section */
		F58AB64F2A2A910E00F7101E /* Build configuration list for PBXProject "PragmaTest" */ = {
			isa = XCConfigurationList;
			buildConfigurations = (
				F58AB6602A2A911000F7101E /* Debug */,
				F58AB6612A2A911000F7101E /* Release */,
			);
			defaultConfigurationIsVisible = 0;
			defaultConfigurationName = Release;
		};
		F58AB6622A2A911000F7101E /* Build configuration list for PBXNativeTarget "PragmaTest" */ = {
			isa = XCConfigurationList;
			buildConfigurations = (
				F58AB6632A2A911000F7101E /* Debug */,
				F58AB6642A2A911000F7101E /* Release */,
			);
			defaultConfigurationIsVisible = 0;
			defaultConfigurationName = Release;
		};
/* End XCConfigurationList section */
	};
	rootObject = F58AB64C2A2A910E00F7101E /* Project object */;
}
